
Microsoft Visual Studio Solution File, Format Version 12.00
# Visual Studio Version 17
VisualStudioVersion = 17.5.33424.131
MinimumVisualStudioVersion = 10.0.40219.1
Project("{FAE04EC0-301F-11D3-BF4B-00C04F79EFBC}") = "TP 2.0 Corporacion Paraguas", "TP 2.0 Corporacion Paraguas.csproj", "{8421498E-3C9A-4112-983F-E20002DC335B}"
EndProject
Global
	GlobalSection(SolutionConfigurationPlatforms) = preSolution
		Debug|Any CPU = Debug|Any CPU
		Release|Any CPU = Release|Any CPU
	EndGlobalSection
	GlobalSection(ProjectConfigurationPlatforms) = postSolution
		{8421498E-3C9A-4112-983F-E20002DC335B}.Debug|Any CPU.ActiveCfg = Debug|Any CPU
		{8421498E-3C9A-4112-983F-E20002DC335B}.Debug|Any CPU.Build.0 = Debug|Any CPU
		{8421498E-3C9A-4112-983F-E20002DC335B}.Release|Any CPU.ActiveCfg = Release|Any CPU
		{8421498E-3C9A-4112-983F-E20002DC335B}.Release|Any CPU.Build.0 = Release|Any CPU
	EndGlobalSection
	GlobalSection(SolutionProperties) = preSolution
		HideSolutionNode = FALSE
	EndGlobalSection
	GlobalSection(ExtensibilityGlobals) = postSolution
		SolutionGuid = {E671D40B-3069-4A51-8746-C06F2CCA2EDF}
	EndGlobalSection
EndGlobal
